
Microsoft Visual Studio Solution File, Format Version 12.00
# Visual Studio Version 16
VisualStudioVersion = 16.0.31019.35
MinimumVisualStudioVersion = 10.0.40219.1
Project("{8BC9CEB8-8B4A-11D0-8D11-00A0C91BC942}") = "Robocon_CV", "Robocon_CV\Robocon_CV.vcxproj", "{76CE0CC0-EEFF-4E3E-B507-BB48721EFA73}"
EndProject
Global
	GlobalSection(SolutionConfigurationPlatforms) = preSolution
		Debug|x64 = Debug|x64
		Debug|x86 = Debug|x86
		Release|x64 = Release|x64
		Release|x86 = Release|x86
	EndGlobalSection
	GlobalSection(ProjectConfigurationPlatforms) = postSolution
		{76CE0CC0-EEFF-4E3E-B507-BB48721EFA73}.Debug|x64.ActiveCfg = Debug|x64
		{76CE0CC0-EEFF-4E3E-B507-BB48721EFA73}.Debug|x64.Build.0 = Debug|x64
		{76CE0CC0-EEFF-4E3E-B507-BB48721EFA73}.Debug|x86.ActiveCfg = Debug|Win32
		{76CE0CC0-EEFF-4E3E-B507-BB48721EFA73}.Debug|x86.Build.0 = Debug|Win32
		{76CE0CC0-EEFF-4E3E-B507-BB48721EFA73}.Release|x64.ActiveCfg = Release|x64
		{76CE0CC0-EEFF-4E3E-B507-BB48721EFA73}.Release|x64.Build.0 = Release|x64
		{76CE0CC0-EEFF-4E3E-B507-BB48721EFA73}.Release|x86.ActiveCfg = Release|Win32
		{76CE0CC0-EEFF-4E3E-B507-BB48721EFA73}.Release|x86.Build.0 = Release|Win32
	EndGlobalSection
	GlobalSection(SolutionProperties) = preSolution
		HideSolutionNode = FALSE
	EndGlobalSection
	GlobalSection(ExtensibilityGlobals) = postSolution
		SolutionGuid = {86C7A92B-609A-4249-BC8A-2C63EF81A493}
	EndGlobalSection
EndGlobal
